{
  "name": "Parcial2",
  "lockfileVersion": 3,
  "requires": true,
  "packages": {
    "": {
      "dependencies": {
        "halson": "^3.1.0",
        "yaml": "^2.7.0"
      }
    },
    "node_modules/halson": {
      "version": "3.1.0",
      "resolved": "https://registry.npmjs.org/halson/-/halson-3.1.0.tgz",
      "integrity": "sha512-EFZ5voHI9EvNLggeSaz1mzeYM8aMwQb57pqKk06P2qIINPcY8SjKIJiTc5/UADw3jmqi34Qp2ac1PgeXX1S4kw==",
      "license": "MIT"
    },
    "node_modules/yaml": {
      "version": "2.7.0",
      "resolved": "https://registry.npmjs.org/yaml/-/yaml-2.7.0.tgz",
      "integrity": "sha512-+hSoy/QHluxmC9kCIJyL/uyFmLmc+e5CFR5Wa+bpIhIj85LVb9ZH2nVnqrHoSvKogwODv0ClqZkmiSSaIH5LTA==",
      "license": "ISC",
      "bin": {
        "yaml": "bin.mjs"
      },
      "engines": {
        "node": ">= 14"
      }
    }
  }
}
